
Microsoft Visual Studio Solution File, Format Version 12.00
Project("{2150E333-8FDC-42A3-9474-1A3956D46DE8}") = "src", "src", "{8ACAE432-FC94-480C-B6F3-C07E19673C44}"
EndProject
Project("{2150E333-8FDC-42A3-9474-1A3956D46DE8}") = "tests", "tests", "{D9271397-EF35-4657-83A5-04A909A680FE}"
EndProject
Project("{2150E333-8FDC-42A3-9474-1A3956D46DE8}") = "1-Application", "1-Application", "{86EB4E16-22CB-4012-A98D-E4CA53677CF2}"
EndProject
Project("{2150E333-8FDC-42A3-9474-1A3956D46DE8}") = "2-Domain", "2-Domain", "{7D010571-2A0D-4A04-B333-8032E0F6FF02}"
EndProject
Project("{2150E333-8FDC-42A3-9474-1A3956D46DE8}") = "3-Infrastructure", "3-Infrastructure", "{7ADB6DA3-AEA9-4AD4-A4E7-6A733C620D85}"
EndProject
Project("{FAE04EC0-301F-11D3-BF4B-00C04F79EFBC}") = "DeviceManager.Domain.Models", "DeviceManager.Domain.Models\DeviceManager.Domain.Models.csproj", "{B5337C00-E710-4191-9528-B787674A4510}"
EndProject
Project("{FAE04EC0-301F-11D3-BF4B-00C04F79EFBC}") = "DeviceManager.Application.WebApi", "DeviceManager.Application.WebApi\DeviceManager.Application.WebApi.csproj", "{D044E6D3-3E25-448D-A4A9-6FE142E40402}"
EndProject
Project("{FAE04EC0-301F-11D3-BF4B-00C04F79EFBC}") = "DeviceManager.Infrastructure.Database", "DeviceManager.Infrastructure.Database\DeviceManager.Infrastructure.Database.csproj", "{4241514B-2417-48CC-B9B4-583FE3FF897E}"
EndProject
Project("{FAE04EC0-301F-11D3-BF4B-00C04F79EFBC}") = "DeviceManager.Domain.Services", "DeviceManager.Domain.Services\DeviceManager.Domain.Services.csproj", "{382F1708-1C15-46AC-99BF-0DEB76179F43}"
EndProject
Project("{2150E333-8FDC-42A3-9474-1A3956D46DE8}") = "1-Application", "1-Application", "{BFA2FC69-C5A2-4B68-BB7D-4323F9FE1CEB}"
EndProject
Project("{FAE04EC0-301F-11D3-BF4B-00C04F79EFBC}") = "DeviceManager.Tests.Unit.Application.WebApi", "DeviceManager.Tests.Unit.Application.WebApi\DeviceManager.Tests.Unit.Application.WebApi.csproj", "{FE3AF89B-2523-4A27-88F9-C827A2785322}"
EndProject
Project("{2150E333-8FDC-42A3-9474-1A3956D46DE8}") = "2-Domain", "2-Domain", "{328EF714-B59F-4E91-AB1D-D967E911B831}"
EndProject
Project("{FAE04EC0-301F-11D3-BF4B-00C04F79EFBC}") = "DeviceManager.Tests.Unit.Domain.Services", "DeviceManager.Tests.Unit.Domain.Services\DeviceManager.Tests.Unit.Domain.Services.csproj", "{63934C66-7003-46A5-9650-39071D79728D}"
EndProject
Global
	GlobalSection(SolutionConfigurationPlatforms) = preSolution
		Debug|Any CPU = Debug|Any CPU
		Release|Any CPU = Release|Any CPU
	EndGlobalSection
	GlobalSection(NestedProjects) = preSolution
		{86EB4E16-22CB-4012-A98D-E4CA53677CF2} = {8ACAE432-FC94-480C-B6F3-C07E19673C44}
		{7D010571-2A0D-4A04-B333-8032E0F6FF02} = {8ACAE432-FC94-480C-B6F3-C07E19673C44}
		{7ADB6DA3-AEA9-4AD4-A4E7-6A733C620D85} = {8ACAE432-FC94-480C-B6F3-C07E19673C44}
		{B5337C00-E710-4191-9528-B787674A4510} = {7D010571-2A0D-4A04-B333-8032E0F6FF02}
		{D044E6D3-3E25-448D-A4A9-6FE142E40402} = {86EB4E16-22CB-4012-A98D-E4CA53677CF2}
		{4241514B-2417-48CC-B9B4-583FE3FF897E} = {7ADB6DA3-AEA9-4AD4-A4E7-6A733C620D85}
		{382F1708-1C15-46AC-99BF-0DEB76179F43} = {7D010571-2A0D-4A04-B333-8032E0F6FF02}
		{BFA2FC69-C5A2-4B68-BB7D-4323F9FE1CEB} = {D9271397-EF35-4657-83A5-04A909A680FE}
		{FE3AF89B-2523-4A27-88F9-C827A2785322} = {BFA2FC69-C5A2-4B68-BB7D-4323F9FE1CEB}
		{328EF714-B59F-4E91-AB1D-D967E911B831} = {D9271397-EF35-4657-83A5-04A909A680FE}
		{63934C66-7003-46A5-9650-39071D79728D} = {328EF714-B59F-4E91-AB1D-D967E911B831}
	EndGlobalSection
	GlobalSection(ProjectConfigurationPlatforms) = postSolution
		{B5337C00-E710-4191-9528-B787674A4510}.Debug|Any CPU.ActiveCfg = Debug|Any CPU
		{B5337C00-E710-4191-9528-B787674A4510}.Debug|Any CPU.Build.0 = Debug|Any CPU
		{B5337C00-E710-4191-9528-B787674A4510}.Release|Any CPU.ActiveCfg = Release|Any CPU
		{B5337C00-E710-4191-9528-B787674A4510}.Release|Any CPU.Build.0 = Release|Any CPU
		{D044E6D3-3E25-448D-A4A9-6FE142E40402}.Debug|Any CPU.ActiveCfg = Debug|Any CPU
		{D044E6D3-3E25-448D-A4A9-6FE142E40402}.Debug|Any CPU.Build.0 = Debug|Any CPU
		{D044E6D3-3E25-448D-A4A9-6FE142E40402}.Release|Any CPU.ActiveCfg = Release|Any CPU
		{D044E6D3-3E25-448D-A4A9-6FE142E40402}.Release|Any CPU.Build.0 = Release|Any CPU
		{4241514B-2417-48CC-B9B4-583FE3FF897E}.Debug|Any CPU.ActiveCfg = Debug|Any CPU
		{4241514B-2417-48CC-B9B4-583FE3FF897E}.Debug|Any CPU.Build.0 = Debug|Any CPU
		{4241514B-2417-48CC-B9B4-583FE3FF897E}.Release|Any CPU.ActiveCfg = Release|Any CPU
		{4241514B-2417-48CC-B9B4-583FE3FF897E}.Release|Any CPU.Build.0 = Release|Any CPU
		{382F1708-1C15-46AC-99BF-0DEB76179F43}.Debug|Any CPU.ActiveCfg = Debug|Any CPU
		{382F1708-1C15-46AC-99BF-0DEB76179F43}.Debug|Any CPU.Build.0 = Debug|Any CPU
		{382F1708-1C15-46AC-99BF-0DEB76179F43}.Release|Any CPU.ActiveCfg = Release|Any CPU
		{382F1708-1C15-46AC-99BF-0DEB76179F43}.Release|Any CPU.Build.0 = Release|Any CPU
		{FE3AF89B-2523-4A27-88F9-C827A2785322}.Debug|Any CPU.ActiveCfg = Debug|Any CPU
		{FE3AF89B-2523-4A27-88F9-C827A2785322}.Debug|Any CPU.Build.0 = Debug|Any CPU
		{FE3AF89B-2523-4A27-88F9-C827A2785322}.Release|Any CPU.ActiveCfg = Release|Any CPU
		{FE3AF89B-2523-4A27-88F9-C827A2785322}.Release|Any CPU.Build.0 = Release|Any CPU
		{63934C66-7003-46A5-9650-39071D79728D}.Debug|Any CPU.ActiveCfg = Debug|Any CPU
		{63934C66-7003-46A5-9650-39071D79728D}.Debug|Any CPU.Build.0 = Debug|Any CPU
		{63934C66-7003-46A5-9650-39071D79728D}.Release|Any CPU.ActiveCfg = Release|Any CPU
		{63934C66-7003-46A5-9650-39071D79728D}.Release|Any CPU.Build.0 = Release|Any CPU
	EndGlobalSection
EndGlobal
